
Microsoft Visual Studio Solution File, Format Version 11.00
# Visual Studio 2010
Project("{8BC9CEB8-8B4A-11D0-8D11-00A0C91BC942}") = "1202_", "1202_\1202_.vcxproj", "{FFE694E6-6456-45D4-BEB7-F67469237039}"
EndProject
Global
	GlobalSection(SolutionConfigurationPlatforms) = preSolution
		Debug|Win32 = Debug|Win32
		Release|Win32 = Release|Win32
	EndGlobalSection
	GlobalSection(ProjectConfigurationPlatforms) = postSolution
		{FFE694E6-6456-45D4-BEB7-F67469237039}.Debug|Win32.ActiveCfg = Debug|Win32
		{FFE694E6-6456-45D4-BEB7-F67469237039}.Debug|Win32.Build.0 = Debug|Win32
		{FFE694E6-6456-45D4-BEB7-F67469237039}.Release|Win32.ActiveCfg = Release|Win32
		{FFE694E6-6456-45D4-BEB7-F67469237039}.Release|Win32.Build.0 = Release|Win32
	EndGlobalSection
	GlobalSection(SolutionProperties) = preSolution
		HideSolutionNode = FALSE
	EndGlobalSection
EndGlobal
