
Microsoft Visual Studio Solution File, Format Version 11.00
# Visual Studio 2010
Project("{8BC9CEB8-8B4A-11D0-8D11-00A0C91BC942}") = "盛齐", "盛齐\盛齐.vcxproj", "{52041B63-741C-44CA-B098-40C541C5FB95}"
EndProject
Global
	GlobalSection(SolutionConfigurationPlatforms) = preSolution
		Debug|Win32 = Debug|Win32
		Release|Win32 = Release|Win32
	EndGlobalSection
	GlobalSection(ProjectConfigurationPlatforms) = postSolution
		{52041B63-741C-44CA-B098-40C541C5FB95}.Debug|Win32.ActiveCfg = Debug|Win32
		{52041B63-741C-44CA-B098-40C541C5FB95}.Debug|Win32.Build.0 = Debug|Win32
		{52041B63-741C-44CA-B098-40C541C5FB95}.Release|Win32.ActiveCfg = Release|Win32
		{52041B63-741C-44CA-B098-40C541C5FB95}.Release|Win32.Build.0 = Release|Win32
	EndGlobalSection
	GlobalSection(SolutionProperties) = preSolution
		HideSolutionNode = FALSE
	EndGlobalSection
EndGlobal
