
Microsoft Visual Studio Solution File, Format Version 11.00
# Visual Studio 2010
Project("{8BC9CEB8-8B4A-11D0-8D11-00A0C91BC942}") = "习题4", "习题4\习题4.vcxproj", "{3E388437-1EEC-4CDE-A1B4-30C9FF0DFF97}"
EndProject
Global
	GlobalSection(SolutionConfigurationPlatforms) = preSolution
		Debug|Win32 = Debug|Win32
		Release|Win32 = Release|Win32
	EndGlobalSection
	GlobalSection(ProjectConfigurationPlatforms) = postSolution
		{3E388437-1EEC-4CDE-A1B4-30C9FF0DFF97}.Debug|Win32.ActiveCfg = Debug|Win32
		{3E388437-1EEC-4CDE-A1B4-30C9FF0DFF97}.Debug|Win32.Build.0 = Debug|Win32
		{3E388437-1EEC-4CDE-A1B4-30C9FF0DFF97}.Release|Win32.ActiveCfg = Release|Win32
		{3E388437-1EEC-4CDE-A1B4-30C9FF0DFF97}.Release|Win32.Build.0 = Release|Win32
	EndGlobalSection
	GlobalSection(SolutionProperties) = preSolution
		HideSolutionNode = FALSE
	EndGlobalSection
EndGlobal
